// !$*UTF8*$!
{
	archiveVersion = 1;
	classes = {
	};
	objectVersion = 54;
	objects = {

/* Begin PBXBuildFile section */
		52333A932654463B0034072B /* UIOpenURLContext_Init.m in Sources */ = {isa = PBXBuildFile; fileRef = 52333A922654463B0034072B /* UIOpenURLContext_Init.m */; };
		F60829712369CE0100DB292E /* RequestMocking.swift in Sources */ = {isa = PBXBuildFile; fileRef = F60829702369CE0100DB292E /* RequestMocking.swift */; };
		F60829732369CE5300DB292E /* MockedResponse.swift in Sources */ = {isa = PBXBuildFile; fileRef = F60829722369CE5300DB292E /* MockedResponse.swift */; };
		F60829762369D58A00DB292E /* CountriesWebRepositoryTests.swift in Sources */ = {isa = PBXBuildFile; fileRef = F60829752369D58A00DB292E /* CountriesWebRepositoryTests.swift */; };
		F60829782369DCD200DB292E /* TestHelpers.swift in Sources */ = {isa = PBXBuildFile; fileRef = F60829772369DCD200DB292E /* TestHelpers.swift */; };
		F60CC503236C3CA8007E84B2 /* CountriesListTests.swift in Sources */ = {isa = PBXBuildFile; fileRef = F60CC502236C3CA8007E84B2 /* CountriesListTests.swift */; };
		F60CC507236C5CFA007E84B2 /* CountryDetailsTests.swift in Sources */ = {isa = PBXBuildFile; fileRef = F60CC506236C5CFA007E84B2 /* CountryDetailsTests.swift */; };
		F60CC509236C6084007E84B2 /* ViewPreviewsTests.swift in Sources */ = {isa = PBXBuildFile; fileRef = F60CC508236C6084007E84B2 /* ViewPreviewsTests.swift */; };
		F60CC50B236C622C007E84B2 /* ModalDetailsViewTests.swift in Sources */ = {isa = PBXBuildFile; fileRef = F60CC50A236C622C007E84B2 /* ModalDetailsViewTests.swift */; };
		F6500B4A23C8F2AC0086FD70 /* DeepLinkUITests.swift in Sources */ = {isa = PBXBuildFile; fileRef = F6500B4923C8F2AC0086FD70 /* DeepLinkUITests.swift */; };
		F661F2BC237757040014E142 /* ImageWebRepositoryTests.swift in Sources */ = {isa = PBXBuildFile; fileRef = F661F2BB237757040014E142 /* ImageWebRepositoryTests.swift */; };
		F661F2C5237772CE0014E142 /* ImagesServiceTests.swift in Sources */ = {isa = PBXBuildFile; fileRef = F661F2C4237772CE0014E142 /* ImagesServiceTests.swift */; };
		F661F2CA23777D440014E142 /* ImageViewTests.swift in Sources */ = {isa = PBXBuildFile; fileRef = F661F2C923777D440014E142 /* ImageViewTests.swift */; };
		F6621FE9244B3DE100DC583F /* MockedDBRepositories.swift in Sources */ = {isa = PBXBuildFile; fileRef = F6621FE7244B324200DC583F /* MockedDBRepositories.swift */; };
		F67451F5243A4CC200A4B498 /* RootViewAppearanceTests.swift in Sources */ = {isa = PBXBuildFile; fileRef = F67451F4243A4CC200A4B498 /* RootViewAppearanceTests.swift */; };
		F67B3B1F244B667B00DA7FA6 /* LazyListTests.swift in Sources */ = {isa = PBXBuildFile; fileRef = F67B3B1E244B667B00DA7FA6 /* LazyListTests.swift */; };
		F67B3B22244C5B8700DA7FA6 /* CoreDataStackTests.swift in Sources */ = {isa = PBXBuildFile; fileRef = F67B3B21244C5B8700DA7FA6 /* CoreDataStackTests.swift */; };
		F67D1272244C7AA2006A8CC4 /* CountriesDBRepositoryTests.swift in Sources */ = {isa = PBXBuildFile; fileRef = F67D1271244C7AA2006A8CC4 /* CountriesDBRepositoryTests.swift */; };
		F67D1274244CA019006A8CC4 /* MockedPersistentStore.swift in Sources */ = {isa = PBXBuildFile; fileRef = F67D1273244CA019006A8CC4 /* MockedPersistentStore.swift */; };
		F68B530523743D8600D6337C /* MockedServices.swift in Sources */ = {isa = PBXBuildFile; fileRef = F68B530423743D8600D6337C /* MockedServices.swift */; };
		F68B5308237441AD00D6337C /* Mock.swift in Sources */ = {isa = PBXBuildFile; fileRef = F68B5307237441AD00D6337C /* Mock.swift */; };
		F695DF8F2455DEDE00A65A04 /* MockedSystemEventsHandler.swift in Sources */ = {isa = PBXBuildFile; fileRef = F695DF8E2455DEDE00A65A04 /* MockedSystemEventsHandler.swift */; };
		F695DF932455F09100A65A04 /* AppDelegateTests.swift in Sources */ = {isa = PBXBuildFile; fileRef = F695DF922455F09100A65A04 /* AppDelegateTests.swift */; };
		F695DF952455F2BB00A65A04 /* SceneDelegateTests.swift in Sources */ = {isa = PBXBuildFile; fileRef = F695DF942455F2BB00A65A04 /* SceneDelegateTests.swift */; };
		F695DF972455F4CB00A65A04 /* PushNotificationsHandlerTests.swift in Sources */ = {isa = PBXBuildFile; fileRef = F695DF962455F4CB00A65A04 /* PushNotificationsHandlerTests.swift */; };
		F695DF992456111300A65A04 /* DeepLinksHandlerTests.swift in Sources */ = {isa = PBXBuildFile; fileRef = F695DF982456111300A65A04 /* DeepLinksHandlerTests.swift */; };
		F6B6212423B52AE600CD00C7 /* ViewInspector in Frameworks */ = {isa = PBXBuildFile; productRef = F6B6212323B52AE600CD00C7 /* ViewInspector */; };
		F6B8832124561C5E00EA4067 /* PushTokenWebRepositoryTests.swift in Sources */ = {isa = PBXBuildFile; fileRef = F6B8832024561C5E00EA4067 /* PushTokenWebRepositoryTests.swift */; };
		F6B8832324561DDB00EA4067 /* UserPermissionsServiceTests.swift in Sources */ = {isa = PBXBuildFile; fileRef = F6B8832224561DDB00EA4067 /* UserPermissionsServiceTests.swift */; };
		F6B883252456326D00EA4067 /* HelpersTests.swift in Sources */ = {isa = PBXBuildFile; fileRef = F6B883242456326D00EA4067 /* HelpersTests.swift */; };
		F6E7ACE223F5D1EC00AB48AB /* EnvironmentOverrides in Frameworks */ = {isa = PBXBuildFile; productRef = F6E7ACE123F5D1EC00AB48AB /* EnvironmentOverrides */; };
		F6E7ACE523F83BEB00AB48AB /* ContentViewTests.swift in Sources */ = {isa = PBXBuildFile; fileRef = F6E7ACE423F83BEB00AB48AB /* ContentViewTests.swift */; };
		F6F003AF236A290E00AAC7C6 /* WebRepositoryTests.swift in Sources */ = {isa = PBXBuildFile; fileRef = F6F003AE236A290E00AAC7C6 /* WebRepositoryTests.swift */; };
		F6F003B1236AF31400AAC7C6 /* SystemEventsHandlerTests.swift in Sources */ = {isa = PBXBuildFile; fileRef = F6F003B0236AF31400AAC7C6 /* SystemEventsHandlerTests.swift */; };
		F6F003B3236AF9F100AAC7C6 /* LoadableTests.swift in Sources */ = {isa = PBXBuildFile; fileRef = F6F003B2236AF9F100AAC7C6 /* LoadableTests.swift */; };
		F6F003B6236B036800AAC7C6 /* CountriesServiceTests.swift in Sources */ = {isa = PBXBuildFile; fileRef = F6F003B5236B036800AAC7C6 /* CountriesServiceTests.swift */; };
		F6F003B8236B04B400AAC7C6 /* MockedWebRepositories.swift in Sources */ = {isa = PBXBuildFile; fileRef = F6F003B7236B04B400AAC7C6 /* MockedWebRepositories.swift */; };
		F6F606A823CF25EC00F36F5D /* SearchBarTests.swift in Sources */ = {isa = PBXBuildFile; fileRef = F6F606A723CF25EC00F36F5D /* SearchBarTests.swift */; };
		FD1E881E2CB75C050049AC64 /* Appwrite in Frameworks */ = {isa = PBXBuildFile; productRef = FD1E881D2CB75C050049AC64 /* Appwrite */; };
		FD1E887C2CB761610049AC64 /* Publisher+WeakAssign.swift in Sources */ = {isa = PBXBuildFile; fileRef = FD1E88212CB761600049AC64 /* Publisher+WeakAssign.swift */; };
		FD1E887D2CB761610049AC64 /* CancelBag.swift in Sources */ = {isa = PBXBuildFile; fileRef = FD1E88222CB761600049AC64 /* CancelBag.swift */; };
		FD1E887E2CB761610049AC64 /* Helpers.swift in Sources */ = {isa = PBXBuildFile; fileRef = FD1E88232CB761600049AC64 /* Helpers.swift */; };
		FD1E887F2CB761610049AC64 /* Extensions.swift in Sources */ = {isa = PBXBuildFile; fileRef = FD1E88242CB761600049AC64 /* Extensions.swift */; };
		FD1E88802CB761610049AC64 /* APICall.swift in Sources */ = {isa = PBXBuildFile; fileRef = FD1E88252CB761600049AC64 /* APICall.swift */; };
		FD1E88812CB761610049AC64 /* WebRepository.swift in Sources */ = {isa = PBXBuildFile; fileRef = FD1E88262CB761600049AC64 /* WebRepository.swift */; };
		FD1E88822CB761610049AC64 /* Store.swift in Sources */ = {isa = PBXBuildFile; fileRef = FD1E88272CB761600049AC64 /* Store.swift */; };
		FD1E88832CB761610049AC64 /* Loadable.swift in Sources */ = {isa = PBXBuildFile; fileRef = FD1E88282CB761600049AC64 /* Loadable.swift */; };
		FD1E88842CB761610049AC64 /* LazyList.swift in Sources */ = {isa = PBXBuildFile; fileRef = FD1E88292CB761600049AC64 /* LazyList.swift */; };
		FD1E88852CB761610049AC64 /* NetworkingHelpers.swift in Sources */ = {isa = PBXBuildFile; fileRef = FD1E882A2CB761600049AC64 /* NetworkingHelpers.swift */; };
		FD1E88862CB761610049AC64 /* AppwriteLogo.swift in Sources */ = {isa = PBXBuildFile; fileRef = FD1E882C2CB761600049AC64 /* AppwriteLogo.swift */; };
		FD1E88872CB761610049AC64 /* UserViewModel.swift in Sources */ = {isa = PBXBuildFile; fileRef = FD1E882E2CB761600049AC64 /* UserViewModel.swift */; };
		FD1E88882CB761610049AC64 /* AuthViewModel.swift in Sources */ = {isa = PBXBuildFile; fileRef = FD1E882F2CB761600049AC64 /* AuthViewModel.swift */; };
		FD1E88892CB761610049AC64 /* MainTabView.swift in Sources */ = {isa = PBXBuildFile; fileRef = FD1E88312CB761600049AC64 /* MainTabView.swift */; };
		FD1E888A2CB761610049AC64 /* CountriesListViewModel.swift in Sources */ = {isa = PBXBuildFile; fileRef = FD1E88332CB761600049AC64 /* CountriesListViewModel.swift */; };
		FD1E888B2CB761610049AC64 /* CountriesList.swift in Sources */ = {isa = PBXBuildFile; fileRef = FD1E88342CB761600049AC64 /* CountriesList.swift */; };
		FD1E888C2CB761610049AC64 /* LoginView.swift in Sources */ = {isa = PBXBuildFile; fileRef = FD1E88352CB761600049AC64 /* LoginView.swift */; };
		FD1E888D2CB761610049AC64 /* HomeView.swift in Sources */ = {isa = PBXBuildFile; fileRef = FD1E88362CB761600049AC64 /* HomeView.swift */; };
		FD1E888E2CB761610049AC64 /* CountryDetails.swift in Sources */ = {isa = PBXBuildFile; fileRef = FD1E88382CB761600049AC64 /* CountryDetails.swift */; };
		FD1E888F2CB761610049AC64 /* CountryDetailsViewModel.swift in Sources */ = {isa = PBXBuildFile; fileRef = FD1E88392CB761600049AC64 /* CountryDetailsViewModel.swift */; };
		FD1E88902CB761610049AC64 /* AroundMeView.swift in Sources */ = {isa = PBXBuildFile; fileRef = FD1E883A2CB761600049AC64 /* AroundMeView.swift */; };
		FD1E88912CB761610049AC64 /* ModalDetailsView.swift in Sources */ = {isa = PBXBuildFile; fileRef = FD1E883B2CB761600049AC64 /* ModalDetailsView.swift */; };
		FD1E88922CB761610049AC64 /* SignupView.swift in Sources */ = {isa = PBXBuildFile; fileRef = FD1E883C2CB761600049AC64 /* SignupView.swift */; };
		FD1E88932CB761610049AC64 /* ContentView.swift in Sources */ = {isa = PBXBuildFile; fileRef = FD1E883D2CB761600049AC64 /* ContentView.swift */; };
		FD1E88942CB761610049AC64 /* SearchBar.swift in Sources */ = {isa = PBXBuildFile; fileRef = FD1E883F2CB761600049AC64 /* SearchBar.swift */; };
		FD1E88952CB761610049AC64 /* InterestsHorizontalTags.swift in Sources */ = {isa = PBXBuildFile; fileRef = FD1E88402CB761600049AC64 /* InterestsHorizontalTags.swift */; };
		FD1E88962CB761610049AC64 /* DetailRow.swift in Sources */ = {isa = PBXBuildFile; fileRef = FD1E88412CB761600049AC64 /* DetailRow.swift */; };
		FD1E88972CB761610049AC64 /* ImageView.swift in Sources */ = {isa = PBXBuildFile; fileRef = FD1E88422CB761600049AC64 /* ImageView.swift */; };
		FD1E88982CB761610049AC64 /* ActivityIndicatorView.swift in Sources */ = {isa = PBXBuildFile; fileRef = FD1E88432CB761600049AC64 /* ActivityIndicatorView.swift */; };
		FD1E88992CB761610049AC64 /* CountryCell.swift in Sources */ = {isa = PBXBuildFile; fileRef = FD1E88442CB761600049AC64 /* CountryCell.swift */; };
		FD1E889A2CB761610049AC64 /* ErrorView.swift in Sources */ = {isa = PBXBuildFile; fileRef = FD1E88452CB761600049AC64 /* ErrorView.swift */; };
		FD1E889B2CB761610049AC64 /* RootViewModifier.swift in Sources */ = {isa = PBXBuildFile; fileRef = FD1E88462CB761600049AC64 /* RootViewModifier.swift */; };
		FD1E889C2CB761610049AC64 /* UserModels.swift in Sources */ = {isa = PBXBuildFile; fileRef = FD1E88482CB761600049AC64 /* UserModels.swift */; };
		FD1E889D2CB761610049AC64 /* Models+CoreData.swift in Sources */ = {isa = PBXBuildFile; fileRef = FD1E88492CB761600049AC64 /* Models+CoreData.swift */; };
		FD1E889E2CB761610049AC64 /* Models.swift in Sources */ = {isa = PBXBuildFile; fileRef = FD1E884A2CB761600049AC64 /* Models.swift */; };
		FD1E889F2CB761610049AC64 /* MockedData.swift in Sources */ = {isa = PBXBuildFile; fileRef = FD1E884B2CB761600049AC64 /* MockedData.swift */; };
		FD1E88A02CB761610049AC64 /* DeepLinksHandler.swift in Sources */ = {isa = PBXBuildFile; fileRef = FD1E884D2CB761600049AC64 /* DeepLinksHandler.swift */; };
		FD1E88A12CB761610049AC64 /* SystemEventsHandler.swift in Sources */ = {isa = PBXBuildFile; fileRef = FD1E884E2CB761600049AC64 /* SystemEventsHandler.swift */; };
		FD1E88A22CB761610049AC64 /* PushNotificationsHandler.swift in Sources */ = {isa = PBXBuildFile; fileRef = FD1E884F2CB761600049AC64 /* PushNotificationsHandler.swift */; };
		FD1E88A32CB761610049AC64 /* AppDelegate.swift in Sources */ = {isa = PBXBuildFile; fileRef = FD1E88502CB761600049AC64 /* AppDelegate.swift */; };
		FD1E88A42CB761610049AC64 /* AppEnvironment.swift in Sources */ = {isa = PBXBuildFile; fileRef = FD1E88512CB761600049AC64 /* AppEnvironment.swift */; };
		FD1E88A52CB761610049AC64 /* SceneDelegate.swift in Sources */ = {isa = PBXBuildFile; fileRef = FD1E88522CB761600049AC64 /* SceneDelegate.swift */; };
		FD1E88A62CB761610049AC64 /* Localizable.strings in Resources */ = {isa = PBXBuildFile; fileRef = FD1E88542CB761600049AC64 /* Localizable.strings */; };
		FD1E88A72CB761610049AC64 /* LaunchScreen.storyboard in Resources */ = {isa = PBXBuildFile; fileRef = FD1E88562CB761600049AC64 /* LaunchScreen.storyboard */; };
		FD1E88A82CB761610049AC64 /* Assets.xcassets in Resources */ = {isa = PBXBuildFile; fileRef = FD1E885A2CB761600049AC64 /* Assets.xcassets */; };
		FD1E88A92CB761610049AC64 /* Preview Assets.xcassets in Resources */ = {isa = PBXBuildFile; fileRef = FD1E885D2CB761600049AC64 /* Preview Assets.xcassets */; };
		FD1E88AA2CB761610049AC64 /* Poppins-Light.ttf in Resources */ = {isa = PBXBuildFile; fileRef = FD1E88602CB761600049AC64 /* Poppins-Light.ttf */; };
		FD1E88AB2CB761610049AC64 /* Poppins-Regular.ttf in Resources */ = {isa = PBXBuildFile; fileRef = FD1E88612CB761600049AC64 /* Poppins-Regular.ttf */; };
		FD1E88AC2CB761610049AC64 /* Poppins-Bold.ttf in Resources */ = {isa = PBXBuildFile; fileRef = FD1E88622CB761600049AC64 /* Poppins-Bold.ttf */; };
		FD1E88AD2CB761610049AC64 /* Poppins-SemiBold.ttf in Resources */ = {isa = PBXBuildFile; fileRef = FD1E88632CB761600049AC64 /* Poppins-SemiBold.ttf */; };
		FD1E88AF2CB761610049AC64 /* LocationManagerDelegate.swift in Sources */ = {isa = PBXBuildFile; fileRef = FD1E88662CB761610049AC64 /* LocationManagerDelegate.swift */; };
		FD1E88B02CB761610049AC64 /* CountriesService.swift in Sources */ = {isa = PBXBuildFile; fileRef = FD1E88672CB761610049AC64 /* CountriesService.swift */; };
		FD1E88B12CB761610049AC64 /* UserPermissionsService.swift in Sources */ = {isa = PBXBuildFile; fileRef = FD1E88682CB761610049AC64 /* UserPermissionsService.swift */; };
		FD1E88B22CB761610049AC64 /* AccountManagementService.swift in Sources */ = {isa = PBXBuildFile; fileRef = FD1E88692CB761610049AC64 /* AccountManagementService.swift */; };
		FD1E88B32CB761610049AC64 /* ImagesService.swift in Sources */ = {isa = PBXBuildFile; fileRef = FD1E886A2CB761610049AC64 /* ImagesService.swift */; };
		FD1E88B42CB761610049AC64 /* UserManagementService.swift in Sources */ = {isa = PBXBuildFile; fileRef = FD1E886B2CB761610049AC64 /* UserManagementService.swift */; };
		FD1E88B52CB761610049AC64 /* AppwriteService.swift in Sources */ = {isa = PBXBuildFile; fileRef = FD1E886C2CB761610049AC64 /* AppwriteService.swift */; };
		FD1E88B62CB761610049AC64 /* CoreDataStack.swift in Sources */ = {isa = PBXBuildFile; fileRef = FD1E886E2CB761610049AC64 /* CoreDataStack.swift */; };
		FD1E88B72CB761610049AC64 /* CoreDataHelpers.swift in Sources */ = {isa = PBXBuildFile; fileRef = FD1E886F2CB761610049AC64 /* CoreDataHelpers.swift */; };
		FD1E88B82CB761610049AC64 /* db_model_v1.xcdatamodeld in Sources */ = {isa = PBXBuildFile; fileRef = FD1E88702CB761610049AC64 /* db_model_v1.xcdatamodeld */; };
		FD1E88B92CB761610049AC64 /* AppState.swift in Sources */ = {isa = PBXBuildFile; fileRef = FD1E88732CB761610049AC64 /* AppState.swift */; };
		FD1E88BA2CB761610049AC64 /* InteractorsContainer.swift in Sources */ = {isa = PBXBuildFile; fileRef = FD1E88742CB761610049AC64 /* InteractorsContainer.swift */; };
		FD1E88BB2CB761610049AC64 /* DependencyInjector.swift in Sources */ = {isa = PBXBuildFile; fileRef = FD1E88752CB761610049AC64 /* DependencyInjector.swift */; };
		FD1E88BC2CB761610049AC64 /* ServicesContainer.swift in Sources */ = {isa = PBXBuildFile; fileRef = FD1E88762CB761610049AC64 /* ServicesContainer.swift */; };
		FD1E88BD2CB761610049AC64 /* CountriesWebRepository.swift in Sources */ = {isa = PBXBuildFile; fileRef = FD1E88782CB761610049AC64 /* CountriesWebRepository.swift */; };
		FD1E88BE2CB761610049AC64 /* PushTokenWebRepository.swift in Sources */ = {isa = PBXBuildFile; fileRef = FD1E88792CB761610049AC64 /* PushTokenWebRepository.swift */; };
		FD1E88BF2CB761610049AC64 /* ImageWebRepository.swift in Sources */ = {isa = PBXBuildFile; fileRef = FD1E887A2CB761610049AC64 /* ImageWebRepository.swift */; };
		FD1E88C02CB761610049AC64 /* CountriesDBRepository.swift in Sources */ = {isa = PBXBuildFile; fileRef = FD1E887B2CB761610049AC64 /* CountriesDBRepository.swift */; };
		FDED3FE92CB89E5E00531330 /* Orbit.entitlements in Resources */ = {isa = PBXBuildFile; fileRef = FDED3FE82CB89E4100531330 /* Orbit.entitlements */; };
/* End PBXBuildFile section */

/* Begin PBXContainerItemProxy section */
		F67833D72369CCBD0065272F /* PBXContainerItemProxy */ = {
			isa = PBXContainerItemProxy;
			containerPortal = F64495D92360D66400C9BB1F /* Project object */;
			proxyType = 1;
			remoteGlobalIDString = F64495E02360D66400C9BB1F;
			remoteInfo = OrbitSwiftUI;
		};
/* End PBXContainerItemProxy section */

/* Begin PBXFileReference section */
		52333A90265445F30034072B /* UnitTests-Bridging-Header.h */ = {isa = PBXFileReference; lastKnownFileType = sourcecode.c.h; path = "UnitTests-Bridging-Header.h"; sourceTree = "<group>"; };
		52333A91265445F30034072B /* UIOpenURLContext_Init.h */ = {isa = PBXFileReference; lastKnownFileType = sourcecode.c.h; path = UIOpenURLContext_Init.h; sourceTree = "<group>"; };
		52333A922654463B0034072B /* UIOpenURLContext_Init.m */ = {isa = PBXFileReference; lastKnownFileType = sourcecode.c.objc; path = UIOpenURLContext_Init.m; sourceTree = "<group>"; };
		F60829702369CE0100DB292E /* RequestMocking.swift */ = {isa = PBXFileReference; fileEncoding = 4; lastKnownFileType = sourcecode.swift; path = RequestMocking.swift; sourceTree = "<group>"; };
		F60829722369CE5300DB292E /* MockedResponse.swift */ = {isa = PBXFileReference; lastKnownFileType = sourcecode.swift; path = MockedResponse.swift; sourceTree = "<group>"; };
		F60829752369D58A00DB292E /* CountriesWebRepositoryTests.swift */ = {isa = PBXFileReference; lastKnownFileType = sourcecode.swift; path = CountriesWebRepositoryTests.swift; sourceTree = "<group>"; };
		F60829772369DCD200DB292E /* TestHelpers.swift */ = {isa = PBXFileReference; lastKnownFileType = sourcecode.swift; path = TestHelpers.swift; sourceTree = "<group>"; };
		F60CC502236C3CA8007E84B2 /* CountriesListTests.swift */ = {isa = PBXFileReference; lastKnownFileType = sourcecode.swift; path = CountriesListTests.swift; sourceTree = "<group>"; };
		F60CC506236C5CFA007E84B2 /* CountryDetailsTests.swift */ = {isa = PBXFileReference; lastKnownFileType = sourcecode.swift; path = CountryDetailsTests.swift; sourceTree = "<group>"; };
		F60CC508236C6084007E84B2 /* ViewPreviewsTests.swift */ = {isa = PBXFileReference; lastKnownFileType = sourcecode.swift; path = ViewPreviewsTests.swift; sourceTree = "<group>"; };
		F60CC50A236C622C007E84B2 /* ModalDetailsViewTests.swift */ = {isa = PBXFileReference; lastKnownFileType = sourcecode.swift; path = ModalDetailsViewTests.swift; sourceTree = "<group>"; };
		F64495E12360D66400C9BB1F /* Orbit.app */ = {isa = PBXFileReference; explicitFileType = wrapper.application; includeInIndex = 0; path = Orbit.app; sourceTree = BUILT_PRODUCTS_DIR; };
		F6500B4923C8F2AC0086FD70 /* DeepLinkUITests.swift */ = {isa = PBXFileReference; lastKnownFileType = sourcecode.swift; path = DeepLinkUITests.swift; sourceTree = "<group>"; };
		F661F2BB237757040014E142 /* ImageWebRepositoryTests.swift */ = {isa = PBXFileReference; lastKnownFileType = sourcecode.swift; path = ImageWebRepositoryTests.swift; sourceTree = "<group>"; };
		F661F2C4237772CE0014E142 /* ImagesServiceTests.swift */ = {isa = PBXFileReference; lastKnownFileType = sourcecode.swift; path = ImagesServiceTests.swift; sourceTree = "<group>"; };
		F661F2C923777D440014E142 /* ImageViewTests.swift */ = {isa = PBXFileReference; lastKnownFileType = sourcecode.swift; path = ImageViewTests.swift; sourceTree = "<group>"; };
		F6621FE7244B324200DC583F /* MockedDBRepositories.swift */ = {isa = PBXFileReference; lastKnownFileType = sourcecode.swift; path = MockedDBRepositories.swift; sourceTree = "<group>"; };
		F67451F4243A4CC200A4B498 /* RootViewAppearanceTests.swift */ = {isa = PBXFileReference; lastKnownFileType = sourcecode.swift; path = RootViewAppearanceTests.swift; sourceTree = "<group>"; };
		F67833D22369CCBD0065272F /* UnitTests.xctest */ = {isa = PBXFileReference; explicitFileType = wrapper.cfbundle; includeInIndex = 0; path = UnitTests.xctest; sourceTree = BUILT_PRODUCTS_DIR; };
		F67833D62369CCBD0065272F /* Info.plist */ = {isa = PBXFileReference; lastKnownFileType = text.plist.xml; path = Info.plist; sourceTree = "<group>"; };
		F67B3B1E244B667B00DA7FA6 /* LazyListTests.swift */ = {isa = PBXFileReference; lastKnownFileType = sourcecode.swift; path = LazyListTests.swift; sourceTree = "<group>"; };
		F67B3B21244C5B8700DA7FA6 /* CoreDataStackTests.swift */ = {isa = PBXFileReference; lastKnownFileType = sourcecode.swift; path = CoreDataStackTests.swift; sourceTree = "<group>"; };
		F67D1271244C7AA2006A8CC4 /* CountriesDBRepositoryTests.swift */ = {isa = PBXFileReference; lastKnownFileType = sourcecode.swift; path = CountriesDBRepositoryTests.swift; sourceTree = "<group>"; };
		F67D1273244CA019006A8CC4 /* MockedPersistentStore.swift */ = {isa = PBXFileReference; lastKnownFileType = sourcecode.swift; path = MockedPersistentStore.swift; sourceTree = "<group>"; };
		F68B530423743D8600D6337C /* MockedServices.swift */ = {isa = PBXFileReference; lastKnownFileType = sourcecode.swift; path = MockedServices.swift; sourceTree = "<group>"; };
		F68B5307237441AD00D6337C /* Mock.swift */ = {isa = PBXFileReference; lastKnownFileType = sourcecode.swift; path = Mock.swift; sourceTree = "<group>"; };
		F695DF8E2455DEDE00A65A04 /* MockedSystemEventsHandler.swift */ = {isa = PBXFileReference; lastKnownFileType = sourcecode.swift; path = MockedSystemEventsHandler.swift; sourceTree = "<group>"; };
		F695DF922455F09100A65A04 /* AppDelegateTests.swift */ = {isa = PBXFileReference; lastKnownFileType = sourcecode.swift; path = AppDelegateTests.swift; sourceTree = "<group>"; };
		F695DF942455F2BB00A65A04 /* SceneDelegateTests.swift */ = {isa = PBXFileReference; lastKnownFileType = sourcecode.swift; path = SceneDelegateTests.swift; sourceTree = "<group>"; };
		F695DF962455F4CB00A65A04 /* PushNotificationsHandlerTests.swift */ = {isa = PBXFileReference; lastKnownFileType = sourcecode.swift; path = PushNotificationsHandlerTests.swift; sourceTree = "<group>"; };
		F695DF982456111300A65A04 /* DeepLinksHandlerTests.swift */ = {isa = PBXFileReference; lastKnownFileType = sourcecode.swift; path = DeepLinksHandlerTests.swift; sourceTree = "<group>"; };
		F6B8832024561C5E00EA4067 /* PushTokenWebRepositoryTests.swift */ = {isa = PBXFileReference; lastKnownFileType = sourcecode.swift; path = PushTokenWebRepositoryTests.swift; sourceTree = "<group>"; };
		F6B8832224561DDB00EA4067 /* UserPermissionsServiceTests.swift */ = {isa = PBXFileReference; lastKnownFileType = sourcecode.swift; path = UserPermissionsServiceTests.swift; sourceTree = "<group>"; };
		F6B883242456326D00EA4067 /* HelpersTests.swift */ = {isa = PBXFileReference; lastKnownFileType = sourcecode.swift; path = HelpersTests.swift; sourceTree = "<group>"; };
		F6E7ACE423F83BEB00AB48AB /* ContentViewTests.swift */ = {isa = PBXFileReference; lastKnownFileType = sourcecode.swift; path = ContentViewTests.swift; sourceTree = "<group>"; };
		F6F003AE236A290E00AAC7C6 /* WebRepositoryTests.swift */ = {isa = PBXFileReference; lastKnownFileType = sourcecode.swift; path = WebRepositoryTests.swift; sourceTree = "<group>"; };
		F6F003B0236AF31400AAC7C6 /* SystemEventsHandlerTests.swift */ = {isa = PBXFileReference; lastKnownFileType = sourcecode.swift; path = SystemEventsHandlerTests.swift; sourceTree = "<group>"; };
		F6F003B2236AF9F100AAC7C6 /* LoadableTests.swift */ = {isa = PBXFileReference; lastKnownFileType = sourcecode.swift; path = LoadableTests.swift; sourceTree = "<group>"; };
		F6F003B5236B036800AAC7C6 /* CountriesServiceTests.swift */ = {isa = PBXFileReference; lastKnownFileType = sourcecode.swift; path = CountriesServiceTests.swift; sourceTree = "<group>"; };
		F6F003B7236B04B400AAC7C6 /* MockedWebRepositories.swift */ = {isa = PBXFileReference; lastKnownFileType = sourcecode.swift; path = MockedWebRepositories.swift; sourceTree = "<group>"; };
		F6F606A723CF25EC00F36F5D /* SearchBarTests.swift */ = {isa = PBXFileReference; lastKnownFileType = sourcecode.swift; path = SearchBarTests.swift; sourceTree = "<group>"; };
		FD1E88212CB761600049AC64 /* Publisher+WeakAssign.swift */ = {isa = PBXFileReference; fileEncoding = 4; lastKnownFileType = sourcecode.swift; path = "Publisher+WeakAssign.swift"; sourceTree = "<group>"; };
		FD1E88222CB761600049AC64 /* CancelBag.swift */ = {isa = PBXFileReference; fileEncoding = 4; lastKnownFileType = sourcecode.swift; path = CancelBag.swift; sourceTree = "<group>"; };
		FD1E88232CB761600049AC64 /* Helpers.swift */ = {isa = PBXFileReference; fileEncoding = 4; lastKnownFileType = sourcecode.swift; path = Helpers.swift; sourceTree = "<group>"; };
		FD1E88242CB761600049AC64 /* Extensions.swift */ = {isa = PBXFileReference; fileEncoding = 4; lastKnownFileType = sourcecode.swift; path = Extensions.swift; sourceTree = "<group>"; };
		FD1E88252CB761600049AC64 /* APICall.swift */ = {isa = PBXFileReference; fileEncoding = 4; lastKnownFileType = sourcecode.swift; path = APICall.swift; sourceTree = "<group>"; };
		FD1E88262CB761600049AC64 /* WebRepository.swift */ = {isa = PBXFileReference; fileEncoding = 4; lastKnownFileType = sourcecode.swift; path = WebRepository.swift; sourceTree = "<group>"; };
		FD1E88272CB761600049AC64 /* Store.swift */ = {isa = PBXFileReference; fileEncoding = 4; lastKnownFileType = sourcecode.swift; path = Store.swift; sourceTree = "<group>"; };
		FD1E88282CB761600049AC64 /* Loadable.swift */ = {isa = PBXFileReference; fileEncoding = 4; lastKnownFileType = sourcecode.swift; path = Loadable.swift; sourceTree = "<group>"; };
		FD1E88292CB761600049AC64 /* LazyList.swift */ = {isa = PBXFileReference; fileEncoding = 4; lastKnownFileType = sourcecode.swift; path = LazyList.swift; sourceTree = "<group>"; };
		FD1E882A2CB761600049AC64 /* NetworkingHelpers.swift */ = {isa = PBXFileReference; fileEncoding = 4; lastKnownFileType = sourcecode.swift; path = NetworkingHelpers.swift; sourceTree = "<group>"; };
		FD1E882C2CB761600049AC64 /* AppwriteLogo.swift */ = {isa = PBXFileReference; fileEncoding = 4; lastKnownFileType = sourcecode.swift; path = AppwriteLogo.swift; sourceTree = "<group>"; };
		FD1E882E2CB761600049AC64 /* UserViewModel.swift */ = {isa = PBXFileReference; fileEncoding = 4; lastKnownFileType = sourcecode.swift; path = UserViewModel.swift; sourceTree = "<group>"; };
		FD1E882F2CB761600049AC64 /* AuthViewModel.swift */ = {isa = PBXFileReference; fileEncoding = 4; lastKnownFileType = sourcecode.swift; path = AuthViewModel.swift; sourceTree = "<group>"; };
		FD1E88312CB761600049AC64 /* MainTabView.swift */ = {isa = PBXFileReference; fileEncoding = 4; lastKnownFileType = sourcecode.swift; path = MainTabView.swift; sourceTree = "<group>"; };
		FD1E88332CB761600049AC64 /* CountriesListViewModel.swift */ = {isa = PBXFileReference; fileEncoding = 4; lastKnownFileType = sourcecode.swift; path = CountriesListViewModel.swift; sourceTree = "<group>"; };
		FD1E88342CB761600049AC64 /* CountriesList.swift */ = {isa = PBXFileReference; fileEncoding = 4; lastKnownFileType = sourcecode.swift; path = CountriesList.swift; sourceTree = "<group>"; };
		FD1E88352CB761600049AC64 /* LoginView.swift */ = {isa = PBXFileReference; fileEncoding = 4; lastKnownFileType = sourcecode.swift; path = LoginView.swift; sourceTree = "<group>"; };
		FD1E88362CB761600049AC64 /* HomeView.swift */ = {isa = PBXFileReference; fileEncoding = 4; lastKnownFileType = sourcecode.swift; path = HomeView.swift; sourceTree = "<group>"; };
		FD1E88382CB761600049AC64 /* CountryDetails.swift */ = {isa = PBXFileReference; fileEncoding = 4; lastKnownFileType = sourcecode.swift; path = CountryDetails.swift; sourceTree = "<group>"; };
		FD1E88392CB761600049AC64 /* CountryDetailsViewModel.swift */ = {isa = PBXFileReference; fileEncoding = 4; lastKnownFileType = sourcecode.swift; path = CountryDetailsViewModel.swift; sourceTree = "<group>"; };
		FD1E883A2CB761600049AC64 /* AroundMeView.swift */ = {isa = PBXFileReference; fileEncoding = 4; lastKnownFileType = sourcecode.swift; path = AroundMeView.swift; sourceTree = "<group>"; };
		FD1E883B2CB761600049AC64 /* ModalDetailsView.swift */ = {isa = PBXFileReference; fileEncoding = 4; lastKnownFileType = sourcecode.swift; path = ModalDetailsView.swift; sourceTree = "<group>"; };
		FD1E883C2CB761600049AC64 /* SignupView.swift */ = {isa = PBXFileReference; fileEncoding = 4; lastKnownFileType = sourcecode.swift; path = SignupView.swift; sourceTree = "<group>"; };
		FD1E883D2CB761600049AC64 /* ContentView.swift */ = {isa = PBXFileReference; fileEncoding = 4; lastKnownFileType = sourcecode.swift; path = ContentView.swift; sourceTree = "<group>"; };
		FD1E883F2CB761600049AC64 /* SearchBar.swift */ = {isa = PBXFileReference; fileEncoding = 4; lastKnownFileType = sourcecode.swift; path = SearchBar.swift; sourceTree = "<group>"; };
		FD1E88402CB761600049AC64 /* InterestsHorizontalTags.swift */ = {isa = PBXFileReference; fileEncoding = 4; lastKnownFileType = sourcecode.swift; path = InterestsHorizontalTags.swift; sourceTree = "<group>"; };
		FD1E88412CB761600049AC64 /* DetailRow.swift */ = {isa = PBXFileReference; fileEncoding = 4; lastKnownFileType = sourcecode.swift; path = DetailRow.swift; sourceTree = "<group>"; };
		FD1E88422CB761600049AC64 /* ImageView.swift */ = {isa = PBXFileReference; fileEncoding = 4; lastKnownFileType = sourcecode.swift; path = ImageView.swift; sourceTree = "<group>"; };
		FD1E88432CB761600049AC64 /* ActivityIndicatorView.swift */ = {isa = PBXFileReference; fileEncoding = 4; lastKnownFileType = sourcecode.swift; path = ActivityIndicatorView.swift; sourceTree = "<group>"; };
		FD1E88442CB761600049AC64 /* CountryCell.swift */ = {isa = PBXFileReference; fileEncoding = 4; lastKnownFileType = sourcecode.swift; path = CountryCell.swift; sourceTree = "<group>"; };
		FD1E88452CB761600049AC64 /* ErrorView.swift */ = {isa = PBXFileReference; fileEncoding = 4; lastKnownFileType = sourcecode.swift; path = ErrorView.swift; sourceTree = "<group>"; };
		FD1E88462CB761600049AC64 /* RootViewModifier.swift */ = {isa = PBXFileReference; fileEncoding = 4; lastKnownFileType = sourcecode.swift; path = RootViewModifier.swift; sourceTree = "<group>"; };
		FD1E88482CB761600049AC64 /* UserModels.swift */ = {isa = PBXFileReference; fileEncoding = 4; lastKnownFileType = sourcecode.swift; path = UserModels.swift; sourceTree = "<group>"; };
		FD1E88492CB761600049AC64 /* Models+CoreData.swift */ = {isa = PBXFileReference; fileEncoding = 4; lastKnownFileType = sourcecode.swift; path = "Models+CoreData.swift"; sourceTree = "<group>"; };
		FD1E884A2CB761600049AC64 /* Models.swift */ = {isa = PBXFileReference; fileEncoding = 4; lastKnownFileType = sourcecode.swift; path = Models.swift; sourceTree = "<group>"; };
		FD1E884B2CB761600049AC64 /* MockedData.swift */ = {isa = PBXFileReference; fileEncoding = 4; lastKnownFileType = sourcecode.swift; path = MockedData.swift; sourceTree = "<group>"; };
		FD1E884D2CB761600049AC64 /* DeepLinksHandler.swift */ = {isa = PBXFileReference; fileEncoding = 4; lastKnownFileType = sourcecode.swift; path = DeepLinksHandler.swift; sourceTree = "<group>"; };
		FD1E884E2CB761600049AC64 /* SystemEventsHandler.swift */ = {isa = PBXFileReference; fileEncoding = 4; lastKnownFileType = sourcecode.swift; path = SystemEventsHandler.swift; sourceTree = "<group>"; };
		FD1E884F2CB761600049AC64 /* PushNotificationsHandler.swift */ = {isa = PBXFileReference; fileEncoding = 4; lastKnownFileType = sourcecode.swift; path = PushNotificationsHandler.swift; sourceTree = "<group>"; };
		FD1E88502CB761600049AC64 /* AppDelegate.swift */ = {isa = PBXFileReference; fileEncoding = 4; lastKnownFileType = sourcecode.swift; path = AppDelegate.swift; sourceTree = "<group>"; };
		FD1E88512CB761600049AC64 /* AppEnvironment.swift */ = {isa = PBXFileReference; fileEncoding = 4; lastKnownFileType = sourcecode.swift; path = AppEnvironment.swift; sourceTree = "<group>"; };
		FD1E88522CB761600049AC64 /* SceneDelegate.swift */ = {isa = PBXFileReference; fileEncoding = 4; lastKnownFileType = sourcecode.swift; path = SceneDelegate.swift; sourceTree = "<group>"; };
		FD1E88552CB761600049AC64 /* ja */ = {isa = PBXFileReference; lastKnownFileType = text.plist.strings; name = ja; path = ja.lproj/Localizable.strings; sourceTree = "<group>"; };
		FD1E88572CB761600049AC64 /* en */ = {isa = PBXFileReference; lastKnownFileType = file.storyboard; name = en; path = en.lproj/LaunchScreen.storyboard; sourceTree = "<group>"; };
		FD1E88582CB761600049AC64 /* en */ = {isa = PBXFileReference; lastKnownFileType = text.plist.strings; name = en; path = en.lproj/Localizable.strings; sourceTree = "<group>"; };
		FD1E88592CB761600049AC64 /* es */ = {isa = PBXFileReference; lastKnownFileType = text.plist.strings; name = es; path = es.lproj/Localizable.strings; sourceTree = "<group>"; };
		FD1E885A2CB761600049AC64 /* Assets.xcassets */ = {isa = PBXFileReference; lastKnownFileType = folder.assetcatalog; path = Assets.xcassets; sourceTree = "<group>"; };
		FD1E885B2CB761600049AC64 /* ko */ = {isa = PBXFileReference; lastKnownFileType = text.plist.strings; name = ko; path = ko.lproj/Localizable.strings; sourceTree = "<group>"; };
		FD1E885D2CB761600049AC64 /* Preview Assets.xcassets */ = {isa = PBXFileReference; lastKnownFileType = folder.assetcatalog; path = "Preview Assets.xcassets"; sourceTree = "<group>"; };
		FD1E885E2CB761600049AC64 /* fr */ = {isa = PBXFileReference; lastKnownFileType = text.plist.strings; name = fr; path = fr.lproj/Localizable.strings; sourceTree = "<group>"; };
		FD1E88602CB761600049AC64 /* Poppins-Light.ttf */ = {isa = PBXFileReference; lastKnownFileType = file; path = "Poppins-Light.ttf"; sourceTree = "<group>"; };
		FD1E88612CB761600049AC64 /* Poppins-Regular.ttf */ = {isa = PBXFileReference; lastKnownFileType = file; path = "Poppins-Regular.ttf"; sourceTree = "<group>"; };
		FD1E88622CB761600049AC64 /* Poppins-Bold.ttf */ = {isa = PBXFileReference; lastKnownFileType = file; path = "Poppins-Bold.ttf"; sourceTree = "<group>"; };
		FD1E88632CB761600049AC64 /* Poppins-SemiBold.ttf */ = {isa = PBXFileReference; lastKnownFileType = file; path = "Poppins-SemiBold.ttf"; sourceTree = "<group>"; };
		FD1E88642CB761600049AC64 /* Info.plist */ = {isa = PBXFileReference; fileEncoding = 4; lastKnownFileType = text.plist.xml; path = Info.plist; sourceTree = "<group>"; };
		FD1E88662CB761610049AC64 /* LocationManagerDelegate.swift */ = {isa = PBXFileReference; fileEncoding = 4; lastKnownFileType = sourcecode.swift; path = LocationManagerDelegate.swift; sourceTree = "<group>"; };
		FD1E88672CB761610049AC64 /* CountriesService.swift */ = {isa = PBXFileReference; fileEncoding = 4; lastKnownFileType = sourcecode.swift; path = CountriesService.swift; sourceTree = "<group>"; };
		FD1E88682CB761610049AC64 /* UserPermissionsService.swift */ = {isa = PBXFileReference; fileEncoding = 4; lastKnownFileType = sourcecode.swift; path = UserPermissionsService.swift; sourceTree = "<group>"; };
		FD1E88692CB761610049AC64 /* AccountManagementService.swift */ = {isa = PBXFileReference; fileEncoding = 4; lastKnownFileType = sourcecode.swift; path = AccountManagementService.swift; sourceTree = "<group>"; };
		FD1E886A2CB761610049AC64 /* ImagesService.swift */ = {isa = PBXFileReference; fileEncoding = 4; lastKnownFileType = sourcecode.swift; path = ImagesService.swift; sourceTree = "<group>"; };
		FD1E886B2CB761610049AC64 /* UserManagementService.swift */ = {isa = PBXFileReference; fileEncoding = 4; lastKnownFileType = sourcecode.swift; path = UserManagementService.swift; sourceTree = "<group>"; };
		FD1E886C2CB761610049AC64 /* AppwriteService.swift */ = {isa = PBXFileReference; fileEncoding = 4; lastKnownFileType = sourcecode.swift; path = AppwriteService.swift; sourceTree = "<group>"; };
		FD1E886E2CB761610049AC64 /* CoreDataStack.swift */ = {isa = PBXFileReference; fileEncoding = 4; lastKnownFileType = sourcecode.swift; path = CoreDataStack.swift; sourceTree = "<group>"; };
		FD1E886F2CB761610049AC64 /* CoreDataHelpers.swift */ = {isa = PBXFileReference; fileEncoding = 4; lastKnownFileType = sourcecode.swift; path = CoreDataHelpers.swift; sourceTree = "<group>"; };
		FD1E88712CB761610049AC64 /* db_model_v1.xcdatamodel */ = {isa = PBXFileReference; lastKnownFileType = wrapper.xcdatamodel; path = db_model_v1.xcdatamodel; sourceTree = "<group>"; };
		FD1E88732CB761610049AC64 /* AppState.swift */ = {isa = PBXFileReference; fileEncoding = 4; lastKnownFileType = sourcecode.swift; path = AppState.swift; sourceTree = "<group>"; };
		FD1E88742CB761610049AC64 /* InteractorsContainer.swift */ = {isa = PBXFileReference; fileEncoding = 4; lastKnownFileType = sourcecode.swift; path = InteractorsContainer.swift; sourceTree = "<group>"; };
		FD1E88752CB761610049AC64 /* DependencyInjector.swift */ = {isa = PBXFileReference; fileEncoding = 4; lastKnownFileType = sourcecode.swift; path = DependencyInjector.swift; sourceTree = "<group>"; };
		FD1E88762CB761610049AC64 /* ServicesContainer.swift */ = {isa = PBXFileReference; fileEncoding = 4; lastKnownFileType = sourcecode.swift; path = ServicesContainer.swift; sourceTree = "<group>"; };
		FD1E88782CB761610049AC64 /* CountriesWebRepository.swift */ = {isa = PBXFileReference; fileEncoding = 4; lastKnownFileType = sourcecode.swift; path = CountriesWebRepository.swift; sourceTree = "<group>"; };
		FD1E88792CB761610049AC64 /* PushTokenWebRepository.swift */ = {isa = PBXFileReference; fileEncoding = 4; lastKnownFileType = sourcecode.swift; path = PushTokenWebRepository.swift; sourceTree = "<group>"; };
		FD1E887A2CB761610049AC64 /* ImageWebRepository.swift */ = {isa = PBXFileReference; fileEncoding = 4; lastKnownFileType = sourcecode.swift; path = ImageWebRepository.swift; sourceTree = "<group>"; };
		FD1E887B2CB761610049AC64 /* CountriesDBRepository.swift */ = {isa = PBXFileReference; fileEncoding = 4; lastKnownFileType = sourcecode.swift; path = CountriesDBRepository.swift; sourceTree = "<group>"; };
		FDED3FE82CB89E4100531330 /* Orbit.entitlements */ = {isa = PBXFileReference; lastKnownFileType = text.plist.entitlements; path = Orbit.entitlements; sourceTree = "<group>"; };
/* End PBXFileReference section */

/* Begin PBXFrameworksBuildPhase section */
		F64495DE2360D66400C9BB1F /* Frameworks */ = {
			isa = PBXFrameworksBuildPhase;
			buildActionMask = 2147483647;
			files = (
				FD1E881E2CB75C050049AC64 /* Appwrite in Frameworks */,
				F6E7ACE223F5D1EC00AB48AB /* EnvironmentOverrides in Frameworks */,
			);
			runOnlyForDeploymentPostprocessing = 0;
		};
		F67833CF2369CCBD0065272F /* Frameworks */ = {
			isa = PBXFrameworksBuildPhase;
			buildActionMask = 2147483647;
			files = (
				F6B6212423B52AE600CD00C7 /* ViewInspector in Frameworks */,
			);
			runOnlyForDeploymentPostprocessing = 0;
		};
/* End PBXFrameworksBuildPhase section */

/* Begin PBXGroup section */
		F60829742369D55700DB292E /* Repositories */ = {
			isa = PBXGroup;
			children = (
				F6F003AE236A290E00AAC7C6 /* WebRepositoryTests.swift */,
				F661F2BB237757040014E142 /* ImageWebRepositoryTests.swift */,
				F60829752369D58A00DB292E /* CountriesWebRepositoryTests.swift */,
				F6B8832024561C5E00EA4067 /* PushTokenWebRepositoryTests.swift */,
				F67D1271244C7AA2006A8CC4 /* CountriesDBRepositoryTests.swift */,
			);
			path = Repositories;
			sourceTree = "<group>";
		};
		F60CC501236C3C80007E84B2 /* UI */ = {
			isa = PBXGroup;
			children = (
				F6E7ACE423F83BEB00AB48AB /* ContentViewTests.swift */,
				F60CC502236C3CA8007E84B2 /* CountriesListTests.swift */,
				F60CC506236C5CFA007E84B2 /* CountryDetailsTests.swift */,
				F6500B4923C8F2AC0086FD70 /* DeepLinkUITests.swift */,
				F60CC50A236C622C007E84B2 /* ModalDetailsViewTests.swift */,
				F67451F4243A4CC200A4B498 /* RootViewAppearanceTests.swift */,
				F661F2C923777D440014E142 /* ImageViewTests.swift */,
				F6F606A723CF25EC00F36F5D /* SearchBarTests.swift */,
				F60CC508236C6084007E84B2 /* ViewPreviewsTests.swift */,
			);
			path = UI;
			sourceTree = "<group>";
		};
		F60CC50E236C8963007E84B2 /* Resources */ = {
			isa = PBXGroup;
			children = (
				F67833D62369CCBD0065272F /* Info.plist */,
			);
			path = Resources;
			sourceTree = "<group>";
		};
		F64495D82360D66400C9BB1F = {
			isa = PBXGroup;
			children = (
				F64495E32360D66400C9BB1F /* Orbit */,
				F67833D32369CCBD0065272F /* UnitTests */,
				F64495E22360D66400C9BB1F /* Products */,
			);
			sourceTree = "<group>";
		};
		F64495E22360D66400C9BB1F /* Products */ = {
			isa = PBXGroup;
			children = (
				F64495E12360D66400C9BB1F /* Orbit.app */,
				F67833D22369CCBD0065272F /* UnitTests.xctest */,
			);
			name = Products;
			sourceTree = "<group>";
		};
		F64495E32360D66400C9BB1F /* Orbit */ = {
			isa = PBXGroup;
			children = (
				FD1E88722CB761610049AC64 /* Injected */,
				FD1E88472CB761600049AC64 /* Models */,
				FD1E886D2CB761610049AC64 /* Persistence */,
				FD1E88772CB761610049AC64 /* Repositories */,
				FD1E88532CB761600049AC64 /* Resources */,
				FD1E88652CB761610049AC64 /* Services */,
				FD1E884C2CB761600049AC64 /* System */,
				FD1E882B2CB761600049AC64 /* UI */,
				FD1E88202CB761600049AC64 /* Utilities */,
			);
			path = Orbit;
			sourceTree = "<group>";
		};
		F67833D32369CCBD0065272F /* UnitTests */ = {
			isa = PBXGroup;
			children = (
				F695DF912455EF1400A65A04 /* Persistence */,
				F695DF902455EEE100A65A04 /* System */,
				F67B3B20244C5AF500DA7FA6 /* Utilities */,
				F60829742369D55700DB292E /* Repositories */,
				F6F003B4236B034A00AAC7C6 /* Services */,
				F60CC501236C3C80007E84B2 /* UI */,
				F67833DE2369CD020065272F /* Mocks */,
				F68B53062374417200D6337C /* NetworkMocking */,
				F60CC50E236C8963007E84B2 /* Resources */,
				F60829772369DCD200DB292E /* TestHelpers.swift */,
			);
			path = UnitTests;
			sourceTree = "<group>";
		};
		F67833DE2369CD020065272F /* Mocks */ = {
			isa = PBXGroup;
			children = (
				F68B5307237441AD00D6337C /* Mock.swift */,
				F68B530423743D8600D6337C /* MockedServices.swift */,
				F6F003B7236B04B400AAC7C6 /* MockedWebRepositories.swift */,
				F6621FE7244B324200DC583F /* MockedDBRepositories.swift */,
				F67D1273244CA019006A8CC4 /* MockedPersistentStore.swift */,
				F695DF8E2455DEDE00A65A04 /* MockedSystemEventsHandler.swift */,
			);
			path = Mocks;
			sourceTree = "<group>";
		};
		F67B3B20244C5AF500DA7FA6 /* Utilities */ = {
			isa = PBXGroup;
			children = (
				F6F003B2236AF9F100AAC7C6 /* LoadableTests.swift */,
				F67B3B1E244B667B00DA7FA6 /* LazyListTests.swift */,
				F6B883242456326D00EA4067 /* HelpersTests.swift */,
			);
			path = Utilities;
			sourceTree = "<group>";
		};
		F68B53062374417200D6337C /* NetworkMocking */ = {
			isa = PBXGroup;
			children = (
				F60829722369CE5300DB292E /* MockedResponse.swift */,
				F60829702369CE0100DB292E /* RequestMocking.swift */,
			);
			path = NetworkMocking;
			sourceTree = "<group>";
		};
		F695DF902455EEE100A65A04 /* System */ = {
			isa = PBXGroup;
			children = (
				F695DF922455F09100A65A04 /* AppDelegateTests.swift */,
				F695DF942455F2BB00A65A04 /* SceneDelegateTests.swift */,
				F6F003B0236AF31400AAC7C6 /* SystemEventsHandlerTests.swift */,
				F695DF962455F4CB00A65A04 /* PushNotificationsHandlerTests.swift */,
				F695DF982456111300A65A04 /* DeepLinksHandlerTests.swift */,
				52333A91265445F30034072B /* UIOpenURLContext_Init.h */,
				52333A922654463B0034072B /* UIOpenURLContext_Init.m */,
				52333A90265445F30034072B /* UnitTests-Bridging-Header.h */,
			);
			path = System;
			sourceTree = "<group>";
		};
		F695DF912455EF1400A65A04 /* Persistence */ = {
			isa = PBXGroup;
			children = (
				F67B3B21244C5B8700DA7FA6 /* CoreDataStackTests.swift */,
			);
			path = Persistence;
			sourceTree = "<group>";
		};
		F6F003B4236B034A00AAC7C6 /* Services */ = {
			isa = PBXGroup;
			children = (
				F6F003B5236B036800AAC7C6 /* CountriesServiceTests.swift */,
				F661F2C4237772CE0014E142 /* ImagesServiceTests.swift */,
				F6B8832224561DDB00EA4067 /* UserPermissionsServiceTests.swift */,
			);
			path = Services;
			sourceTree = "<group>";
		};
		FD1E88202CB761600049AC64 /* Utilities */ = {
			isa = PBXGroup;
			children = (
				FD1E88212CB761600049AC64 /* Publisher+WeakAssign.swift */,
				FD1E88222CB761600049AC64 /* CancelBag.swift */,
				FD1E88232CB761600049AC64 /* Helpers.swift */,
				FD1E88242CB761600049AC64 /* Extensions.swift */,
				FD1E88252CB761600049AC64 /* APICall.swift */,
				FD1E88262CB761600049AC64 /* WebRepository.swift */,
				FD1E88272CB761600049AC64 /* Store.swift */,
				FD1E88282CB761600049AC64 /* Loadable.swift */,
				FD1E88292CB761600049AC64 /* LazyList.swift */,
				FD1E882A2CB761600049AC64 /* NetworkingHelpers.swift */,
			);
			path = Utilities;
			sourceTree = "<group>";
		};
		FD1E882B2CB761600049AC64 /* UI */ = {
			isa = PBXGroup;
			children = (
				FD1E882C2CB761600049AC64 /* AppwriteLogo.swift */,
				FD1E882D2CB761600049AC64 /* ViewModels */,
				FD1E88302CB761600049AC64 /* Screens */,
				FD1E883E2CB761600049AC64 /* Components */,
				FD1E88462CB761600049AC64 /* RootViewModifier.swift */,
			);
			path = UI;
			sourceTree = "<group>";
		};
		FD1E882D2CB761600049AC64 /* ViewModels */ = {
			isa = PBXGroup;
			children = (
				FD1E882E2CB761600049AC64 /* UserViewModel.swift */,
				FD1E882F2CB761600049AC64 /* AuthViewModel.swift */,
			);
			path = ViewModels;
			sourceTree = "<group>";
		};
		FD1E88302CB761600049AC64 /* Screens */ = {
			isa = PBXGroup;
			children = (
				FD1E88312CB761600049AC64 /* MainTabView.swift */,
				FD1E88322CB761600049AC64 /* CountriesList */,
				FD1E88352CB761600049AC64 /* LoginView.swift */,
				FD1E88362CB761600049AC64 /* HomeView.swift */,
				FD1E88372CB761600049AC64 /* CountryDetails */,
				FD1E883A2CB761600049AC64 /* AroundMeView.swift */,
				FD1E883B2CB761600049AC64 /* ModalDetailsView.swift */,
				FD1E883C2CB761600049AC64 /* SignupView.swift */,
				FD1E883D2CB761600049AC64 /* ContentView.swift */,
			);
			path = Screens;
			sourceTree = "<group>";
		};
		FD1E88322CB761600049AC64 /* CountriesList */ = {
			isa = PBXGroup;
			children = (
				FD1E88332CB761600049AC64 /* CountriesListViewModel.swift */,
				FD1E88342CB761600049AC64 /* CountriesList.swift */,
			);
			path = CountriesList;
			sourceTree = "<group>";
		};
		FD1E88372CB761600049AC64 /* CountryDetails */ = {
			isa = PBXGroup;
			children = (
				FD1E88382CB761600049AC64 /* CountryDetails.swift */,
				FD1E88392CB761600049AC64 /* CountryDetailsViewModel.swift */,
			);
			path = CountryDetails;
			sourceTree = "<group>";
		};
		FD1E883E2CB761600049AC64 /* Components */ = {
			isa = PBXGroup;
			children = (
				FD1E883F2CB761600049AC64 /* SearchBar.swift */,
				FD1E88402CB761600049AC64 /* InterestsHorizontalTags.swift */,
				FD1E88412CB761600049AC64 /* DetailRow.swift */,
				FD1E88422CB761600049AC64 /* ImageView.swift */,
				FD1E88432CB761600049AC64 /* ActivityIndicatorView.swift */,
				FD1E88442CB761600049AC64 /* CountryCell.swift */,
				FD1E88452CB761600049AC64 /* ErrorView.swift */,
			);
			path = Components;
			sourceTree = "<group>";
		};
		FD1E88472CB761600049AC64 /* Models */ = {
			isa = PBXGroup;
			children = (
				FD1E88482CB761600049AC64 /* UserModels.swift */,
				FD1E88492CB761600049AC64 /* Models+CoreData.swift */,
				FD1E884A2CB761600049AC64 /* Models.swift */,
				FD1E884B2CB761600049AC64 /* MockedData.swift */,
			);
			path = Models;
			sourceTree = "<group>";
		};
		FD1E884C2CB761600049AC64 /* System */ = {
			isa = PBXGroup;
			children = (
				FD1E884D2CB761600049AC64 /* DeepLinksHandler.swift */,
				FD1E884E2CB761600049AC64 /* SystemEventsHandler.swift */,
				FD1E884F2CB761600049AC64 /* PushNotificationsHandler.swift */,
				FD1E88502CB761600049AC64 /* AppDelegate.swift */,
				FD1E88512CB761600049AC64 /* AppEnvironment.swift */,
				FD1E88522CB761600049AC64 /* SceneDelegate.swift */,
			);
			path = System;
			sourceTree = "<group>";
		};
		FD1E88532CB761600049AC64 /* Resources */ = {
			isa = PBXGroup;
			children = (
				FD1E88542CB761600049AC64 /* Localizable.strings */,
				FD1E88562CB761600049AC64 /* LaunchScreen.storyboard */,
				FDED3FE82CB89E4100531330 /* Orbit.entitlements */,
				FD1E885A2CB761600049AC64 /* Assets.xcassets */,
				FD1E885D2CB761600049AC64 /* Preview Assets.xcassets */,
				FD1E885F2CB761600049AC64 /* fonts */,
				FD1E88642CB761600049AC64 /* Info.plist */,
			);
			path = Resources;
			sourceTree = "<group>";
		};
		FD1E885F2CB761600049AC64 /* fonts */ = {
			isa = PBXGroup;
			children = (
				FD1E88602CB761600049AC64 /* Poppins-Light.ttf */,
				FD1E88612CB761600049AC64 /* Poppins-Regular.ttf */,
				FD1E88622CB761600049AC64 /* Poppins-Bold.ttf */,
				FD1E88632CB761600049AC64 /* Poppins-SemiBold.ttf */,
			);
			path = fonts;
			sourceTree = "<group>";
		};
		FD1E88652CB761610049AC64 /* Services */ = {
			isa = PBXGroup;
			children = (
				FD1E88662CB761610049AC64 /* LocationManagerDelegate.swift */,
				FD1E88672CB761610049AC64 /* CountriesService.swift */,
				FD1E88682CB761610049AC64 /* UserPermissionsService.swift */,
				FD1E88692CB761610049AC64 /* AccountManagementService.swift */,
				FD1E886A2CB761610049AC64 /* ImagesService.swift */,
				FD1E886B2CB761610049AC64 /* UserManagementService.swift */,
				FD1E886C2CB761610049AC64 /* AppwriteService.swift */,
			);
			path = Services;
			sourceTree = "<group>";
		};
		FD1E886D2CB761610049AC64 /* Persistence */ = {
			isa = PBXGroup;
			children = (
				FD1E886E2CB761610049AC64 /* CoreDataStack.swift */,
				FD1E886F2CB761610049AC64 /* CoreDataHelpers.swift */,
				FD1E88702CB761610049AC64 /* db_model_v1.xcdatamodeld */,
			);
			path = Persistence;
			sourceTree = "<group>";
		};
		FD1E88722CB761610049AC64 /* Injected */ = {
			isa = PBXGroup;
			children = (
				FD1E88732CB761610049AC64 /* AppState.swift */,
				FD1E88742CB761610049AC64 /* InteractorsContainer.swift */,
				FD1E88752CB761610049AC64 /* DependencyInjector.swift */,
				FD1E88762CB761610049AC64 /* ServicesContainer.swift */,
			);
			path = Injected;
			sourceTree = "<group>";
		};
		FD1E88772CB761610049AC64 /* Repositories */ = {
			isa = PBXGroup;
			children = (
				FD1E88782CB761610049AC64 /* CountriesWebRepository.swift */,
				FD1E88792CB761610049AC64 /* PushTokenWebRepository.swift */,
				FD1E887A2CB761610049AC64 /* ImageWebRepository.swift */,
				FD1E887B2CB761610049AC64 /* CountriesDBRepository.swift */,
			);
			path = Repositories;
			sourceTree = "<group>";
		};
/* End PBXGroup section */

/* Begin PBXNativeTarget section */
		F64495E02360D66400C9BB1F /* Orbit */ = {
			isa = PBXNativeTarget;
			buildConfigurationList = F64495F52360D66700C9BB1F /* Build configuration list for PBXNativeTarget "Orbit" */;
			buildPhases = (
				F62DF39A237AFE9400CE1234 /* Run swiftlint */,
				F64495DD2360D66400C9BB1F /* Sources */,
				F64495DE2360D66400C9BB1F /* Frameworks */,
				F64495DF2360D66400C9BB1F /* Resources */,
			);
			buildRules = (
			);
			dependencies = (
			);
			name = Orbit;
			packageProductDependencies = (
				F6E7ACE123F5D1EC00AB48AB /* EnvironmentOverrides */,
				FD1E881D2CB75C050049AC64 /* Appwrite */,
			);
			productName = OrbitSwiftUI;
			productReference = F64495E12360D66400C9BB1F /* Orbit.app */;
			productType = "com.apple.product-type.application";
		};
		F67833D12369CCBD0065272F /* UnitTests */ = {
			isa = PBXNativeTarget;
			buildConfigurationList = F67833D92369CCBD0065272F /* Build configuration list for PBXNativeTarget "UnitTests" */;
			buildPhases = (
				F67833CE2369CCBD0065272F /* Sources */,
				F67833CF2369CCBD0065272F /* Frameworks */,
				F67833D02369CCBD0065272F /* Resources */,
			);
			buildRules = (
			);
			dependencies = (
				F67833D82369CCBD0065272F /* PBXTargetDependency */,
			);
			name = UnitTests;
			packageProductDependencies = (
				F6B6212323B52AE600CD00C7 /* ViewInspector */,
			);
			productName = UnitTests;
			productReference = F67833D22369CCBD0065272F /* UnitTests.xctest */;
			productType = "com.apple.product-type.bundle.unit-test";
		};
/* End PBXNativeTarget section */

/* Begin PBXProject section */
		F64495D92360D66400C9BB1F /* Project object */ = {
			isa = PBXProject;
			attributes = {
				BuildIndependentTargetsInParallel = YES;
				LastSwiftUpdateCheck = 1110;
				LastUpgradeCheck = 1430;
				ORGANIZATIONNAME = "Alexey Naumov";
				TargetAttributes = {
					F64495E02360D66400C9BB1F = {
						CreatedOnToolsVersion = 11.1;
					};
					F67833D12369CCBD0065272F = {
						CreatedOnToolsVersion = 11.1;
						LastSwiftMigration = 1250;
						TestTargetID = F64495E02360D66400C9BB1F;
					};
				};
			};
			buildConfigurationList = F64495DC2360D66400C9BB1F /* Build configuration list for PBXProject "Orbit" */;
			compatibilityVersion = "Xcode 9.3";
			developmentRegion = en;
			hasScannedForEncodings = 0;
			knownRegions = (
				en,
				Base,
				fr,
				es,
				ja,
				ko,
			);
			mainGroup = F64495D82360D66400C9BB1F;
			packageReferences = (
				F6B6212223B52AE600CD00C7 /* XCRemoteSwiftPackageReference "ViewInspector" */,
				F6E7ACE023F5D1EC00AB48AB /* XCRemoteSwiftPackageReference "EnvironmentOverrides" */,
				FD1E881C2CB75C050049AC64 /* XCRemoteSwiftPackageReference "sdk-for-apple" */,
			);
			productRefGroup = F64495E22360D66400C9BB1F /* Products */;
			projectDirPath = "";
			projectRoot = "";
			targets = (
				F64495E02360D66400C9BB1F /* Orbit */,
				F67833D12369CCBD0065272F /* UnitTests */,
			);
		};
/* End PBXProject section */

/* Begin PBXResourcesBuildPhase section */
		F64495DF2360D66400C9BB1F /* Resources */ = {
			isa = PBXResourcesBuildPhase;
			buildActionMask = 2147483647;
			files = (
				FDED3FE92CB89E5E00531330 /* Orbit.entitlements in Resources */,
				FD1E88A92CB761610049AC64 /* Preview Assets.xcassets in Resources */,
				FD1E88AA2CB761610049AC64 /* Poppins-Light.ttf in Resources */,
				FD1E88AC2CB761610049AC64 /* Poppins-Bold.ttf in Resources */,
				FD1E88A62CB761610049AC64 /* Localizable.strings in Resources */,
				FD1E88AB2CB761610049AC64 /* Poppins-Regular.ttf in Resources */,
				FD1E88AD2CB761610049AC64 /* Poppins-SemiBold.ttf in Resources */,
				FD1E88A82CB761610049AC64 /* Assets.xcassets in Resources */,
				FD1E88A72CB761610049AC64 /* LaunchScreen.storyboard in Resources */,
			);
			runOnlyForDeploymentPostprocessing = 0;
		};
		F67833D02369CCBD0065272F /* Resources */ = {
			isa = PBXResourcesBuildPhase;
			buildActionMask = 2147483647;
			files = (
			);
			runOnlyForDeploymentPostprocessing = 0;
		};
/* End PBXResourcesBuildPhase section */

/* Begin PBXShellScriptBuildPhase section */
		F62DF39A237AFE9400CE1234 /* Run swiftlint */ = {
			isa = PBXShellScriptBuildPhase;
			alwaysOutOfDate = 1;
			buildActionMask = 2147483647;
			files = (
			);
			inputFileListPaths = (
			);
			inputPaths = (
			);
			name = "Run swiftlint";
			outputFileListPaths = (
			);
			outputPaths = (
			);
			runOnlyForDeploymentPostprocessing = 0;
			shellPath = /bin/sh;
			shellScript = "if command -v swiftlint > /dev/null; then\n  swiftlint lint --config \"${SRCROOT}/.swiftlint.yml\"\nfi\n";
		};
/* End PBXShellScriptBuildPhase section */

/* Begin PBXSourcesBuildPhase section */
		F64495DD2360D66400C9BB1F /* Sources */ = {
			isa = PBXSourcesBuildPhase;
			buildActionMask = 2147483647;
			files = (
				FD1E88C02CB761610049AC64 /* CountriesDBRepository.swift in Sources */,
				FD1E88B22CB761610049AC64 /* AccountManagementService.swift in Sources */,
				FD1E88842CB761610049AC64 /* LazyList.swift in Sources */,
				FD1E88AF2CB761610049AC64 /* LocationManagerDelegate.swift in Sources */,
				FD1E88BD2CB761610049AC64 /* CountriesWebRepository.swift in Sources */,
				FD1E889C2CB761610049AC64 /* UserModels.swift in Sources */,
				FD1E88872CB761610049AC64 /* UserViewModel.swift in Sources */,
				FD1E88992CB761610049AC64 /* CountryCell.swift in Sources */,
				FD1E88952CB761610049AC64 /* InterestsHorizontalTags.swift in Sources */,
				FD1E88932CB761610049AC64 /* ContentView.swift in Sources */,
				FD1E88B52CB761610049AC64 /* AppwriteService.swift in Sources */,
				FD1E88822CB761610049AC64 /* Store.swift in Sources */,
				FD1E887D2CB761610049AC64 /* CancelBag.swift in Sources */,
				FD1E88A32CB761610049AC64 /* AppDelegate.swift in Sources */,
				FD1E88BA2CB761610049AC64 /* InteractorsContainer.swift in Sources */,
				FD1E88B82CB761610049AC64 /* db_model_v1.xcdatamodeld in Sources */,
				FD1E889A2CB761610049AC64 /* ErrorView.swift in Sources */,
				FD1E88BF2CB761610049AC64 /* ImageWebRepository.swift in Sources */,
				FD1E88852CB761610049AC64 /* NetworkingHelpers.swift in Sources */,
				FD1E887E2CB761610049AC64 /* Helpers.swift in Sources */,
				FD1E88A42CB761610049AC64 /* AppEnvironment.swift in Sources */,
				FD1E88942CB761610049AC64 /* SearchBar.swift in Sources */,
				FD1E88A12CB761610049AC64 /* SystemEventsHandler.swift in Sources */,
				FD1E88B32CB761610049AC64 /* ImagesService.swift in Sources */,
				FD1E889D2CB761610049AC64 /* Models+CoreData.swift in Sources */,
				FD1E88B42CB761610049AC64 /* UserManagementService.swift in Sources */,
				FD1E888B2CB761610049AC64 /* CountriesList.swift in Sources */,
				FD1E888E2CB761610049AC64 /* CountryDetails.swift in Sources */,
				FD1E88862CB761610049AC64 /* AppwriteLogo.swift in Sources */,
				FD1E88B72CB761610049AC64 /* CoreDataHelpers.swift in Sources */,
				FD1E88972CB761610049AC64 /* ImageView.swift in Sources */,
				FD1E88B92CB761610049AC64 /* AppState.swift in Sources */,
				FD1E88812CB761610049AC64 /* WebRepository.swift in Sources */,
				FD1E88902CB761610049AC64 /* AroundMeView.swift in Sources */,
				FD1E88962CB761610049AC64 /* DetailRow.swift in Sources */,
				FD1E888D2CB761610049AC64 /* HomeView.swift in Sources */,
				FD1E88802CB761610049AC64 /* APICall.swift in Sources */,
				FD1E88B02CB761610049AC64 /* CountriesService.swift in Sources */,
				FD1E888C2CB761610049AC64 /* LoginView.swift in Sources */,
				FD1E88BB2CB761610049AC64 /* DependencyInjector.swift in Sources */,
				FD1E88832CB761610049AC64 /* Loadable.swift in Sources */,
				FD1E88A22CB761610049AC64 /* PushNotificationsHandler.swift in Sources */,
				FD1E888A2CB761610049AC64 /* CountriesListViewModel.swift in Sources */,
				FD1E88A52CB761610049AC64 /* SceneDelegate.swift in Sources */,
				FD1E887C2CB761610049AC64 /* Publisher+WeakAssign.swift in Sources */,
				FD1E88892CB761610049AC64 /* MainTabView.swift in Sources */,
				FD1E88882CB761610049AC64 /* AuthViewModel.swift in Sources */,
				FD1E88912CB761610049AC64 /* ModalDetailsView.swift in Sources */,
				FD1E88982CB761610049AC64 /* ActivityIndicatorView.swift in Sources */,
				FD1E888F2CB761610049AC64 /* CountryDetailsViewModel.swift in Sources */,
				FD1E887F2CB761610049AC64 /* Extensions.swift in Sources */,
				FD1E88B12CB761610049AC64 /* UserPermissionsService.swift in Sources */,
				FD1E88BC2CB761610049AC64 /* ServicesContainer.swift in Sources */,
				FD1E889F2CB761610049AC64 /* MockedData.swift in Sources */,
				FD1E88B62CB761610049AC64 /* CoreDataStack.swift in Sources */,
				FD1E88922CB761610049AC64 /* SignupView.swift in Sources */,
				FD1E88BE2CB761610049AC64 /* PushTokenWebRepository.swift in Sources */,
				FD1E88A02CB761610049AC64 /* DeepLinksHandler.swift in Sources */,
				FD1E889B2CB761610049AC64 /* RootViewModifier.swift in Sources */,
				FD1E889E2CB761610049AC64 /* Models.swift in Sources */,
			);
			runOnlyForDeploymentPostprocessing = 0;
		};
		F67833CE2369CCBD0065272F /* Sources */ = {
			isa = PBXSourcesBuildPhase;
			buildActionMask = 2147483647;
			files = (
				F60CC507236C5CFA007E84B2 /* CountryDetailsTests.swift in Sources */,
				F60829712369CE0100DB292E /* RequestMocking.swift in Sources */,
				F661F2C5237772CE0014E142 /* ImagesServiceTests.swift in Sources */,
				F67451F5243A4CC200A4B498 /* RootViewAppearanceTests.swift in Sources */,
				F67D1274244CA019006A8CC4 /* MockedPersistentStore.swift in Sources */,
				F6B8832124561C5E00EA4067 /* PushTokenWebRepositoryTests.swift in Sources */,
				F6F003B3236AF9F100AAC7C6 /* LoadableTests.swift in Sources */,
				F695DF992456111300A65A04 /* DeepLinksHandlerTests.swift in Sources */,
				F60829762369D58A00DB292E /* CountriesWebRepositoryTests.swift in Sources */,
				F6F003B6236B036800AAC7C6 /* CountriesServiceTests.swift in Sources */,
				F60CC509236C6084007E84B2 /* ViewPreviewsTests.swift in Sources */,
				F68B530523743D8600D6337C /* MockedServices.swift in Sources */,
				F6F003B1236AF31400AAC7C6 /* SystemEventsHandlerTests.swift in Sources */,
				F6F003B8236B04B400AAC7C6 /* MockedWebRepositories.swift in Sources */,
				F60829732369CE5300DB292E /* MockedResponse.swift in Sources */,
				F60CC503236C3CA8007E84B2 /* CountriesListTests.swift in Sources */,
				F67B3B1F244B667B00DA7FA6 /* LazyListTests.swift in Sources */,
				F60829782369DCD200DB292E /* TestHelpers.swift in Sources */,
				F661F2BC237757040014E142 /* ImageWebRepositoryTests.swift in Sources */,
				F695DF932455F09100A65A04 /* AppDelegateTests.swift in Sources */,
				F67D1272244C7AA2006A8CC4 /* CountriesDBRepositoryTests.swift in Sources */,
				F6F003AF236A290E00AAC7C6 /* WebRepositoryTests.swift in Sources */,
				F6E7ACE523F83BEB00AB48AB /* ContentViewTests.swift in Sources */,
				F60CC50B236C622C007E84B2 /* ModalDetailsViewTests.swift in Sources */,
				F695DF8F2455DEDE00A65A04 /* MockedSystemEventsHandler.swift in Sources */,
				52333A932654463B0034072B /* UIOpenURLContext_Init.m in Sources */,
				F695DF972455F4CB00A65A04 /* PushNotificationsHandlerTests.swift in Sources */,
				F6500B4A23C8F2AC0086FD70 /* DeepLinkUITests.swift in Sources */,
				F6621FE9244B3DE100DC583F /* MockedDBRepositories.swift in Sources */,
				F68B5308237441AD00D6337C /* Mock.swift in Sources */,
				F67B3B22244C5B8700DA7FA6 /* CoreDataStackTests.swift in Sources */,
				F661F2CA23777D440014E142 /* ImageViewTests.swift in Sources */,
				F6F606A823CF25EC00F36F5D /* SearchBarTests.swift in Sources */,
				F6B8832324561DDB00EA4067 /* UserPermissionsServiceTests.swift in Sources */,
				F6B883252456326D00EA4067 /* HelpersTests.swift in Sources */,
				F695DF952455F2BB00A65A04 /* SceneDelegateTests.swift in Sources */,
			);
			runOnlyForDeploymentPostprocessing = 0;
		};
/* End PBXSourcesBuildPhase section */

/* Begin PBXTargetDependency section */
		F67833D82369CCBD0065272F /* PBXTargetDependency */ = {
			isa = PBXTargetDependency;
			target = F64495E02360D66400C9BB1F /* Orbit */;
			targetProxy = F67833D72369CCBD0065272F /* PBXContainerItemProxy */;
		};
/* End PBXTargetDependency section */

/* Begin PBXVariantGroup section */
		FD1E88542CB761600049AC64 /* Localizable.strings */ = {
			isa = PBXVariantGroup;
			children = (
				FD1E88552CB761600049AC64 /* ja */,
				FD1E88582CB761600049AC64 /* en */,
				FD1E88592CB761600049AC64 /* es */,
				FD1E885B2CB761600049AC64 /* ko */,
				FD1E885E2CB761600049AC64 /* fr */,
			);
			name = Localizable.strings;
			sourceTree = "<group>";
		};
		FD1E88562CB761600049AC64 /* LaunchScreen.storyboard */ = {
			isa = PBXVariantGroup;
			children = (
				FD1E88572CB761600049AC64 /* en */,
			);
			name = LaunchScreen.storyboard;
			sourceTree = "<group>";
		};
/* End PBXVariantGroup section */

/* Begin XCBuildConfiguration section */
		F64495F32360D66700C9BB1F /* Debug */ = {
			isa = XCBuildConfiguration;
			buildSettings = {
				ALWAYS_SEARCH_USER_PATHS = NO;
				CLANG_ANALYZER_LOCALIZABILITY_NONLOCALIZED = YES;
				CLANG_ANALYZER_NONNULL = YES;
				CLANG_ANALYZER_NUMBER_OBJECT_CONVERSION = YES_AGGRESSIVE;
				CLANG_CXX_LANGUAGE_STANDARD = "gnu++14";
				CLANG_CXX_LIBRARY = "libc++";
				CLANG_ENABLE_MODULES = YES;
				CLANG_ENABLE_OBJC_ARC = YES;
				CLANG_ENABLE_OBJC_WEAK = YES;
				CLANG_WARN_BLOCK_CAPTURE_AUTORELEASING = YES;
				CLANG_WARN_BOOL_CONVERSION = YES;
				CLANG_WARN_COMMA = YES;
				CLANG_WARN_CONSTANT_CONVERSION = YES;
				CLANG_WARN_DEPRECATED_OBJC_IMPLEMENTATIONS = YES;
				CLANG_WARN_DIRECT_OBJC_ISA_USAGE = YES_ERROR;
				CLANG_WARN_DOCUMENTATION_COMMENTS = YES;
				CLANG_WARN_EMPTY_BODY = YES;
				CLANG_WARN_ENUM_CONVERSION = YES;
				CLANG_WARN_INFINITE_RECURSION = YES;
				CLANG_WARN_INT_CONVERSION = YES;
				CLANG_WARN_NON_LITERAL_NULL_CONVERSION = YES;
				CLANG_WARN_OBJC_IMPLICIT_RETAIN_SELF = YES;
				CLANG_WARN_OBJC_LITERAL_CONVERSION = YES;
				CLANG_WARN_OBJC_ROOT_CLASS = YES_ERROR;
				CLANG_WARN_QUOTED_INCLUDE_IN_FRAMEWORK_HEADER = YES;
				CLANG_WARN_RANGE_LOOP_ANALYSIS = YES;
				CLANG_WARN_STRICT_PROTOTYPES = YES;
				CLANG_WARN_SUSPICIOUS_MOVE = YES;
				CLANG_WARN_UNGUARDED_AVAILABILITY = YES_AGGRESSIVE;
				CLANG_WARN_UNREACHABLE_CODE = YES;
				CLANG_WARN__DUPLICATE_METHOD_MATCH = YES;
				COPY_PHASE_STRIP = NO;
				DEBUG_INFORMATION_FORMAT = dwarf;
				ENABLE_STRICT_OBJC_MSGSEND = YES;
				ENABLE_TESTABILITY = YES;
				GCC_C_LANGUAGE_STANDARD = gnu11;
				GCC_DYNAMIC_NO_PIC = NO;
				GCC_NO_COMMON_BLOCKS = YES;
				GCC_OPTIMIZATION_LEVEL = 0;
				GCC_PREPROCESSOR_DEFINITIONS = (
					"DEBUG=1",
					"$(inherited)",
				);
				GCC_WARN_64_TO_32_BIT_CONVERSION = YES;
				GCC_WARN_ABOUT_RETURN_TYPE = YES_ERROR;
				GCC_WARN_UNDECLARED_SELECTOR = YES;
				GCC_WARN_UNINITIALIZED_AUTOS = YES_AGGRESSIVE;
				GCC_WARN_UNUSED_FUNCTION = YES;
				GCC_WARN_UNUSED_VARIABLE = YES;
				IPHONEOS_DEPLOYMENT_TARGET = 15.0;
				MTL_ENABLE_DEBUG_INFO = INCLUDE_SOURCE;
				MTL_FAST_MATH = YES;
				ONLY_ACTIVE_ARCH = YES;
				SDKROOT = iphoneos;
				SWIFT_ACTIVE_COMPILATION_CONDITIONS = DEBUG;
				SWIFT_OPTIMIZATION_LEVEL = "-Onone";
				SWIFT_STRICT_CONCURRENCY = complete;
			};
			name = Debug;
		};
		F64495F42360D66700C9BB1F /* Release */ = {
			isa = XCBuildConfiguration;
			buildSettings = {
				ALWAYS_SEARCH_USER_PATHS = NO;
				CLANG_ANALYZER_LOCALIZABILITY_NONLOCALIZED = YES;
				CLANG_ANALYZER_NONNULL = YES;
				CLANG_ANALYZER_NUMBER_OBJECT_CONVERSION = YES_AGGRESSIVE;
				CLANG_CXX_LANGUAGE_STANDARD = "gnu++14";
				CLANG_CXX_LIBRARY = "libc++";
				CLANG_ENABLE_MODULES = YES;
				CLANG_ENABLE_OBJC_ARC = YES;
				CLANG_ENABLE_OBJC_WEAK = YES;
				CLANG_WARN_BLOCK_CAPTURE_AUTORELEASING = YES;
				CLANG_WARN_BOOL_CONVERSION = YES;
				CLANG_WARN_COMMA = YES;
				CLANG_WARN_CONSTANT_CONVERSION = YES;
				CLANG_WARN_DEPRECATED_OBJC_IMPLEMENTATIONS = YES;
				CLANG_WARN_DIRECT_OBJC_ISA_USAGE = YES_ERROR;
				CLANG_WARN_DOCUMENTATION_COMMENTS = YES;
				CLANG_WARN_EMPTY_BODY = YES;
				CLANG_WARN_ENUM_CONVERSION = YES;
				CLANG_WARN_INFINITE_RECURSION = YES;
				CLANG_WARN_INT_CONVERSION = YES;
				CLANG_WARN_NON_LITERAL_NULL_CONVERSION = YES;
				CLANG_WARN_OBJC_IMPLICIT_RETAIN_SELF = YES;
				CLANG_WARN_OBJC_LITERAL_CONVERSION = YES;
				CLANG_WARN_OBJC_ROOT_CLASS = YES_ERROR;
				CLANG_WARN_QUOTED_INCLUDE_IN_FRAMEWORK_HEADER = YES;
				CLANG_WARN_RANGE_LOOP_ANALYSIS = YES;
				CLANG_WARN_STRICT_PROTOTYPES = YES;
				CLANG_WARN_SUSPICIOUS_MOVE = YES;
				CLANG_WARN_UNGUARDED_AVAILABILITY = YES_AGGRESSIVE;
				CLANG_WARN_UNREACHABLE_CODE = YES;
				CLANG_WARN__DUPLICATE_METHOD_MATCH = YES;
				COPY_PHASE_STRIP = NO;
				DEBUG_INFORMATION_FORMAT = "dwarf-with-dsym";
				ENABLE_NS_ASSERTIONS = NO;
				ENABLE_STRICT_OBJC_MSGSEND = YES;
				GCC_C_LANGUAGE_STANDARD = gnu11;
				GCC_NO_COMMON_BLOCKS = YES;
				GCC_WARN_64_TO_32_BIT_CONVERSION = YES;
				GCC_WARN_ABOUT_RETURN_TYPE = YES_ERROR;
				GCC_WARN_UNDECLARED_SELECTOR = YES;
				GCC_WARN_UNINITIALIZED_AUTOS = YES_AGGRESSIVE;
				GCC_WARN_UNUSED_FUNCTION = YES;
				GCC_WARN_UNUSED_VARIABLE = YES;
				IPHONEOS_DEPLOYMENT_TARGET = 15.0;
				MTL_ENABLE_DEBUG_INFO = NO;
				MTL_FAST_MATH = YES;
				SDKROOT = iphoneos;
				SWIFT_COMPILATION_MODE = wholemodule;
				SWIFT_OPTIMIZATION_LEVEL = "-O";
				SWIFT_STRICT_CONCURRENCY = complete;
				VALIDATE_PRODUCT = YES;
			};
			name = Release;
		};
		F64495F62360D66700C9BB1F /* Debug */ = {
			isa = XCBuildConfiguration;
			buildSettings = {
				ASSETCATALOG_COMPILER_APPICON_NAME = AppIcon;
				CODE_SIGN_ENTITLEMENTS = Orbit/Resources/Orbit.entitlements;
				"CODE_SIGN_IDENTITY[sdk=macosx*]" = "-";
				CODE_SIGN_STYLE = Manual;
				DERIVE_MACCATALYST_PRODUCT_BUNDLE_IDENTIFIER = YES;
				DEVELOPMENT_ASSET_PATHS = "\"Orbit/Resources\"";
				DEVELOPMENT_TEAM = "";
				ENABLE_PREVIEWS = YES;
				INFOPLIST_FILE = Orbit/Resources/Info.plist;
				IPHONEOS_DEPLOYMENT_TARGET = 15.0;
				LD_RUNPATH_SEARCH_PATHS = (
					"$(inherited)",
					"@executable_path/Frameworks",
				);
				MACOSX_DEPLOYMENT_TARGET = 12.0;
				MARKETING_VERSION = 2.0;
				PRODUCT_BUNDLE_IDENTIFIER = com.countries.swiftui;
				PRODUCT_NAME = "$(TARGET_NAME)";
				PROVISIONING_PROFILE_SPECIFIER = "";
				"PROVISIONING_PROFILE_SPECIFIER[sdk=macosx*]" = "";
				SUPPORTS_MACCATALYST = YES;
				SWIFT_VERSION = 5.0;
				TARGETED_DEVICE_FAMILY = "1,2";
			};
			name = Debug;
		};
		F64495F72360D66700C9BB1F /* Release */ = {
			isa = XCBuildConfiguration;
			buildSettings = {
				ASSETCATALOG_COMPILER_APPICON_NAME = AppIcon;
				CODE_SIGN_ENTITLEMENTS = Orbit/Resources/Orbit.entitlements;
				"CODE_SIGN_IDENTITY[sdk=macosx*]" = "-";
				CODE_SIGN_STYLE = Manual;
				DERIVE_MACCATALYST_PRODUCT_BUNDLE_IDENTIFIER = YES;
				DEVELOPMENT_ASSET_PATHS = "\"Orbit/Resources\"";
				DEVELOPMENT_TEAM = "";
				ENABLE_PREVIEWS = YES;
				INFOPLIST_FILE = Orbit/Resources/Info.plist;
				IPHONEOS_DEPLOYMENT_TARGET = 15.0;
				LD_RUNPATH_SEARCH_PATHS = (
					"$(inherited)",
					"@executable_path/Frameworks",
				);
				MACOSX_DEPLOYMENT_TARGET = 12.0;
				MARKETING_VERSION = 2.0;
				PRODUCT_BUNDLE_IDENTIFIER = com.countries.swiftui;
				PRODUCT_NAME = "$(TARGET_NAME)";
				PROVISIONING_PROFILE_SPECIFIER = "";
				"PROVISIONING_PROFILE_SPECIFIER[sdk=macosx*]" = "";
				SUPPORTS_MACCATALYST = YES;
				SWIFT_VERSION = 5.0;
				TARGETED_DEVICE_FAMILY = "1,2";
			};
			name = Release;
		};
		F67833DA2369CCBD0065272F /* Debug */ = {
			isa = XCBuildConfiguration;
			buildSettings = {
				ALWAYS_EMBED_SWIFT_STANDARD_LIBRARIES = YES;
				BUNDLE_LOADER = "$(TEST_HOST)";
				CLANG_ENABLE_MODULES = YES;
				"CODE_SIGN_IDENTITY[sdk=macosx*]" = "-";
				CODE_SIGN_STYLE = Automatic;
				DEVELOPMENT_TEAM = "";
				INFOPLIST_FILE = UnitTests/Resources/Info.plist;
				LD_RUNPATH_SEARCH_PATHS = (
					"$(inherited)",
					"@executable_path/Frameworks",
					"@loader_path/Frameworks",
				);
				MACOSX_DEPLOYMENT_TARGET = 12.0;
				PRODUCT_BUNDLE_IDENTIFIER = com.countries.swiftui.UnitTests;
				PRODUCT_NAME = "$(TARGET_NAME)";
				SWIFT_OBJC_BRIDGING_HEADER = "UnitTests/System/UnitTests-Bridging-Header.h";
				SWIFT_OPTIMIZATION_LEVEL = "-Onone";
				SWIFT_VERSION = 5.0;
				TARGETED_DEVICE_FAMILY = "1,2";
				TEST_HOST = "$(BUILT_PRODUCTS_DIR)/Orbit.app/Orbit";
			};
			name = Debug;
		};
		F67833DB2369CCBD0065272F /* Release */ = {
			isa = XCBuildConfiguration;
			buildSettings = {
				ALWAYS_EMBED_SWIFT_STANDARD_LIBRARIES = YES;
				BUNDLE_LOADER = "$(TEST_HOST)";
				CLANG_ENABLE_MODULES = YES;
				"CODE_SIGN_IDENTITY[sdk=macosx*]" = "-";
				CODE_SIGN_STYLE = Automatic;
				DEVELOPMENT_TEAM = "";
				INFOPLIST_FILE = UnitTests/Resources/Info.plist;
				LD_RUNPATH_SEARCH_PATHS = (
					"$(inherited)",
					"@executable_path/Frameworks",
					"@loader_path/Frameworks",
				);
				MACOSX_DEPLOYMENT_TARGET = 12.0;
				PRODUCT_BUNDLE_IDENTIFIER = com.countries.swiftui.UnitTests;
				PRODUCT_NAME = "$(TARGET_NAME)";
				SWIFT_OBJC_BRIDGING_HEADER = "UnitTests/System/UnitTests-Bridging-Header.h";
				SWIFT_VERSION = 5.0;
				TARGETED_DEVICE_FAMILY = "1,2";
				TEST_HOST = "$(BUILT_PRODUCTS_DIR)/Orbit.app/Orbit";
			};
			name = Release;
		};
/* End XCBuildConfiguration section */

/* Begin XCConfigurationList section */
		F64495DC2360D66400C9BB1F /* Build configuration list for PBXProject "Orbit" */ = {
			isa = XCConfigurationList;
			buildConfigurations = (
				F64495F32360D66700C9BB1F /* Debug */,
				F64495F42360D66700C9BB1F /* Release */,
			);
			defaultConfigurationIsVisible = 0;
			defaultConfigurationName = Release;
		};
		F64495F52360D66700C9BB1F /* Build configuration list for PBXNativeTarget "Orbit" */ = {
			isa = XCConfigurationList;
			buildConfigurations = (
				F64495F62360D66700C9BB1F /* Debug */,
				F64495F72360D66700C9BB1F /* Release */,
			);
			defaultConfigurationIsVisible = 0;
			defaultConfigurationName = Release;
		};
		F67833D92369CCBD0065272F /* Build configuration list for PBXNativeTarget "UnitTests" */ = {
			isa = XCConfigurationList;
			buildConfigurations = (
				F67833DA2369CCBD0065272F /* Debug */,
				F67833DB2369CCBD0065272F /* Release */,
			);
			defaultConfigurationIsVisible = 0;
			defaultConfigurationName = Release;
		};
/* End XCConfigurationList section */

/* Begin XCRemoteSwiftPackageReference section */
		F6B6212223B52AE600CD00C7 /* XCRemoteSwiftPackageReference "ViewInspector" */ = {
			isa = XCRemoteSwiftPackageReference;
			repositoryURL = "https://github.com/nalexn/ViewInspector";
			requirement = {
				kind = exactVersion;
				version = 0.9.1;
			};
		};
		F6E7ACE023F5D1EC00AB48AB /* XCRemoteSwiftPackageReference "EnvironmentOverrides" */ = {
			isa = XCRemoteSwiftPackageReference;
			repositoryURL = "https://github.com/nalexn/EnvironmentOverrides";
			requirement = {
				kind = exactVersion;
				version = 0.0.4;
			};
		};
		FD1E881C2CB75C050049AC64 /* XCRemoteSwiftPackageReference "sdk-for-apple" */ = {
			isa = XCRemoteSwiftPackageReference;
			repositoryURL = "https://github.com/appwrite/sdk-for-apple";
			requirement = {
				kind = exactVersion;
				version = 7.0.0;
			};
		};
/* End XCRemoteSwiftPackageReference section */

/* Begin XCSwiftPackageProductDependency section */
		F6B6212323B52AE600CD00C7 /* ViewInspector */ = {
			isa = XCSwiftPackageProductDependency;
			package = F6B6212223B52AE600CD00C7 /* XCRemoteSwiftPackageReference "ViewInspector" */;
			productName = ViewInspector;
		};
		F6E7ACE123F5D1EC00AB48AB /* EnvironmentOverrides */ = {
			isa = XCSwiftPackageProductDependency;
			package = F6E7ACE023F5D1EC00AB48AB /* XCRemoteSwiftPackageReference "EnvironmentOverrides" */;
			productName = EnvironmentOverrides;
		};
		FD1E881D2CB75C050049AC64 /* Appwrite */ = {
			isa = XCSwiftPackageProductDependency;
			package = FD1E881C2CB75C050049AC64 /* XCRemoteSwiftPackageReference "sdk-for-apple" */;
			productName = Appwrite;
		};
/* End XCSwiftPackageProductDependency section */

/* Begin XCVersionGroup section */
		FD1E88702CB761610049AC64 /* db_model_v1.xcdatamodeld */ = {
			isa = XCVersionGroup;
			children = (
				FD1E88712CB761610049AC64 /* db_model_v1.xcdatamodel */,
			);
			currentVersion = FD1E88712CB761610049AC64 /* db_model_v1.xcdatamodel */;
			path = db_model_v1.xcdatamodeld;
			sourceTree = "<group>";
			versionGroupType = wrapper.xcdatamodel;
		};
/* End XCVersionGroup section */
	};
	rootObject = F64495D92360D66400C9BB1F /* Project object */;
}
